// !$*UTF8*$!
{
	archiveVersion = 1;
	classes = {
	};
	objectVersion = 46;
	objects = {

/* Begin PBXBuildFile section */
		0D3B5EBE1EC7484A00402742 /* AppDelegate.swift in Sources */ = {isa = PBXBuildFile; fileRef = 0D3B5EBD1EC7484A00402742 /* AppDelegate.swift */; };
		0D3B5EC01EC7484A00402742 /* ViewController.swift in Sources */ = {isa = PBXBuildFile; fileRef = 0D3B5EBF1EC7484A00402742 /* ViewController.swift */; };
		0D3B5EC31EC7484A00402742 /* Main.storyboard in Resources */ = {isa = PBXBuildFile; fileRef = 0D3B5EC11EC7484A00402742 /* Main.storyboard */; };
		0D3B5EC51EC7484A00402742 /* Assets.xcassets in Resources */ = {isa = PBXBuildFile; fileRef = 0D3B5EC41EC7484A00402742 /* Assets.xcassets */; };
		0D3B5EC81EC7484A00402742 /* LaunchScreen.storyboard in Resources */ = {isa = PBXBuildFile; fileRef = 0D3B5EC61EC7484A00402742 /* LaunchScreen.storyboard */; };
		0D3B5ED31EC7484A00402742 /* SmaPhone_AdminTests.swift in Sources */ = {isa = PBXBuildFile; fileRef = 0D3B5ED21EC7484A00402742 /* SmaPhone_AdminTests.swift */; };
		0D3B5EDE1EC7484A00402742 /* SmaPhone_AdminUITests.swift in Sources */ = {isa = PBXBuildFile; fileRef = 0D3B5EDD1EC7484A00402742 /* SmaPhone_AdminUITests.swift */; };
		78184AB1CF90B602739C9B76 /* Pods_SmaPhone_AdminUITests.framework in Frameworks */ = {isa = PBXBuildFile; fileRef = 179D35459B8D77B2B397C840 /* Pods_SmaPhone_AdminUITests.framework */; };
		94750EE96134CB6AE052AE04 /* Pods_SmaPhone_AdminTests.framework in Frameworks */ = {isa = PBXBuildFile; fileRef = 442B4E5B6CB06D03D5681D00 /* Pods_SmaPhone_AdminTests.framework */; };
		F9DE6491A9F869AE0CA8C54A /* Pods_SmaPhone_Admin.framework in Frameworks */ = {isa = PBXBuildFile; fileRef = 7AF378A32F97B4D2D58EEE77 /* Pods_SmaPhone_Admin.framework */; };
/* End PBXBuildFile section */

/* Begin PBXContainerItemProxy section */
		0D3B5ECF1EC7484A00402742 /* PBXContainerItemProxy */ = {
			isa = PBXContainerItemProxy;
			containerPortal = 0D3B5EB21EC7484A00402742 /* Project object */;
			proxyType = 1;
			remoteGlobalIDString = 0D3B5EB91EC7484A00402742;
			remoteInfo = "SmaPhone-Admin";
		};
		0D3B5EDA1EC7484A00402742 /* PBXContainerItemProxy */ = {
			isa = PBXContainerItemProxy;
			containerPortal = 0D3B5EB21EC7484A00402742 /* Project object */;
			proxyType = 1;
			remoteGlobalIDString = 0D3B5EB91EC7484A00402742;
			remoteInfo = "SmaPhone-Admin";
		};
/* End PBXContainerItemProxy section */

/* Begin PBXFileReference section */
		0D3B5EBA1EC7484A00402742 /* SmaPhone-Admin.app */ = {isa = PBXFileReference; explicitFileType = wrapper.application; includeInIndex = 0; path = "SmaPhone-Admin.app"; sourceTree = BUILT_PRODUCTS_DIR; };
		0D3B5EBD1EC7484A00402742 /* AppDelegate.swift */ = {isa = PBXFileReference; lastKnownFileType = sourcecode.swift; path = AppDelegate.swift; sourceTree = "<group>"; };
		0D3B5EBF1EC7484A00402742 /* ViewController.swift */ = {isa = PBXFileReference; lastKnownFileType = sourcecode.swift; path = ViewController.swift; sourceTree = "<group>"; };
		0D3B5EC21EC7484A00402742 /* Base */ = {isa = PBXFileReference; lastKnownFileType = file.storyboard; name = Base; path = Base.lproj/Main.storyboard; sourceTree = "<group>"; };
		0D3B5EC41EC7484A00402742 /* Assets.xcassets */ = {isa = PBXFileReference; lastKnownFileType = folder.assetcatalog; path = Assets.xcassets; sourceTree = "<group>"; };
		0D3B5EC71EC7484A00402742 /* Base */ = {isa = PBXFileReference; lastKnownFileType = file.storyboard; name = Base; path = Base.lproj/LaunchScreen.storyboard; sourceTree = "<group>"; };
		0D3B5EC91EC7484A00402742 /* Info.plist */ = {isa = PBXFileReference; lastKnownFileType = text.plist.xml; path = Info.plist; sourceTree = "<group>"; };
		0D3B5ECE1EC7484A00402742 /* SmaPhone-AdminTests.xctest */ = {isa = PBXFileReference; explicitFileType = wrapper.cfbundle; includeInIndex = 0; path = "SmaPhone-AdminTests.xctest"; sourceTree = BUILT_PRODUCTS_DIR; };
		0D3B5ED21EC7484A00402742 /* SmaPhone_AdminTests.swift */ = {isa = PBXFileReference; lastKnownFileType = sourcecode.swift; path = SmaPhone_AdminTests.swift; sourceTree = "<group>"; };
		0D3B5ED41EC7484A00402742 /* Info.plist */ = {isa = PBXFileReference; lastKnownFileType = text.plist.xml; path = Info.plist; sourceTree = "<group>"; };
		0D3B5ED91EC7484A00402742 /* SmaPhone-AdminUITests.xctest */ = {isa = PBXFileReference; explicitFileType = wrapper.cfbundle; includeInIndex = 0; path = "SmaPhone-AdminUITests.xctest"; sourceTree = BUILT_PRODUCTS_DIR; };
		0D3B5EDD1EC7484A00402742 /* SmaPhone_AdminUITests.swift */ = {isa = PBXFileReference; lastKnownFileType = sourcecode.swift; path = SmaPhone_AdminUITests.swift; sourceTree = "<group>"; };
		0D3B5EDF1EC7484A00402742 /* Info.plist */ = {isa = PBXFileReference; lastKnownFileType = text.plist.xml; path = Info.plist; sourceTree = "<group>"; };
		179D35459B8D77B2B397C840 /* Pods_SmaPhone_AdminUITests.framework */ = {isa = PBXFileReference; explicitFileType = wrapper.framework; includeInIndex = 0; path = Pods_SmaPhone_AdminUITests.framework; sourceTree = BUILT_PRODUCTS_DIR; };
		442B4E5B6CB06D03D5681D00 /* Pods_SmaPhone_AdminTests.framework */ = {isa = PBXFileReference; explicitFileType = wrapper.framework; includeInIndex = 0; path = Pods_SmaPhone_AdminTests.framework; sourceTree = BUILT_PRODUCTS_DIR; };
		49F4DBA885555BC06E282A50 /* Pods-SmaPhone-Admin.debug.xcconfig */ = {isa = PBXFileReference; includeInIndex = 1; lastKnownFileType = text.xcconfig; name = "Pods-SmaPhone-Admin.debug.xcconfig"; path = "Pods/Target Support Files/Pods-SmaPhone-Admin/Pods-SmaPhone-Admin.debug.xcconfig"; sourceTree = "<group>"; };
		7AF378A32F97B4D2D58EEE77 /* Pods_SmaPhone_Admin.framework */ = {isa = PBXFileReference; explicitFileType = wrapper.framework; includeInIndex = 0; path = Pods_SmaPhone_Admin.framework; sourceTree = BUILT_PRODUCTS_DIR; };
		7D8F2E27FF00E6D89037A4F9 /* Pods-SmaPhone-AdminTests.release.xcconfig */ = {isa = PBXFileReference; includeInIndex = 1; lastKnownFileType = text.xcconfig; name = "Pods-SmaPhone-AdminTests.release.xcconfig"; path = "Pods/Target Support Files/Pods-SmaPhone-AdminTests/Pods-SmaPhone-AdminTests.release.xcconfig"; sourceTree = "<group>"; };
		7E415167C9D0467E8DCA9D16 /* Pods-SmaPhone-AdminTests.debug.xcconfig */ = {isa = PBXFileReference; includeInIndex = 1; lastKnownFileType = text.xcconfig; name = "Pods-SmaPhone-AdminTests.debug.xcconfig"; path = "Pods/Target Support Files/Pods-SmaPhone-AdminTests/Pods-SmaPhone-AdminTests.debug.xcconfig"; sourceTree = "<group>"; };
		A1EA877646E4D4F8E2A9CA11 /* Pods-SmaPhone-AdminUITests.debug.xcconfig */ = {isa = PBXFileReference; includeInIndex = 1; lastKnownFileType = text.xcconfig; name = "Pods-SmaPhone-AdminUITests.debug.xcconfig"; path = "Pods/Target Support Files/Pods-SmaPhone-AdminUITests/Pods-SmaPhone-AdminUITests.debug.xcconfig"; sourceTree = "<group>"; };
		C659C33311CEEFE67DFE76D6 /* Pods-SmaPhone-AdminUITests.release.xcconfig */ = {isa = PBXFileReference; includeInIndex = 1; lastKnownFileType = text.xcconfig; name = "Pods-SmaPhone-AdminUITests.release.xcconfig"; path = "Pods/Target Support Files/Pods-SmaPhone-AdminUITests/Pods-SmaPhone-AdminUITests.release.xcconfig"; sourceTree = "<group>"; };
		CA6B2392FC5729F04E08D3AB /* Pods-SmaPhone-Admin.release.xcconfig */ = {isa = PBXFileReference; includeInIndex = 1; lastKnownFileType = text.xcconfig; name = "Pods-SmaPhone-Admin.release.xcconfig"; path = "Pods/Target Support Files/Pods-SmaPhone-Admin/Pods-SmaPhone-Admin.release.xcconfig"; sourceTree = "<group>"; };
/* End PBXFileReference section */

/* Begin PBXFrameworksBuildPhase section */
		0D3B5EB71EC7484A00402742 /* Frameworks */ = {
			isa = PBXFrameworksBuildPhase;
			buildActionMask = 2147483647;
			files = (
				F9DE6491A9F869AE0CA8C54A /* Pods_SmaPhone_Admin.framework in Frameworks */,
			);
			runOnlyForDeploymentPostprocessing = 0;
		};
		0D3B5ECB1EC7484A00402742 /* Frameworks */ = {
			isa = PBXFrameworksBuildPhase;
			buildActionMask = 2147483647;
			files = (
				94750EE96134CB6AE052AE04 /* Pods_SmaPhone_AdminTests.framework in Frameworks */,
			);
			runOnlyForDeploymentPostprocessing = 0;
		};
		0D3B5ED61EC7484A00402742 /* Frameworks */ = {
			isa = PBXFrameworksBuildPhase;
			buildActionMask = 2147483647;
			files = (
				78184AB1CF90B602739C9B76 /* Pods_SmaPhone_AdminUITests.framework in Frameworks */,
			);
			runOnlyForDeploymentPostprocessing = 0;
		};
/* End PBXFrameworksBuildPhase section */

/* Begin PBXGroup section */
		0D3B5EB11EC7484A00402742 = {
			isa = PBXGroup;
			children = (
				0D3B5EBC1EC7484A00402742 /* SmaPhone-Admin */,
				0D3B5ED11EC7484A00402742 /* SmaPhone-AdminTests */,
				0D3B5EDC1EC7484A00402742 /* SmaPhone-AdminUITests */,
				0D3B5EBB1EC7484A00402742 /* Products */,
				81A751185056BE188C6C3D00 /* Pods */,
				678EAF0407AC6B5281A9AF6B /* Frameworks */,
			);
			sourceTree = "<group>";
		};
		0D3B5EBB1EC7484A00402742 /* Products */ = {
			isa = PBXGroup;
			children = (
				0D3B5EBA1EC7484A00402742 /* SmaPhone-Admin.app */,
				0D3B5ECE1EC7484A00402742 /* SmaPhone-AdminTests.xctest */,
				0D3B5ED91EC7484A00402742 /* SmaPhone-AdminUITests.xctest */,
			);
			name = Products;
			sourceTree = "<group>";
		};
		0D3B5EBC1EC7484A00402742 /* SmaPhone-Admin */ = {
			isa = PBXGroup;
			children = (
				0D3B5EBD1EC7484A00402742 /* AppDelegate.swift */,
				0D3B5EBF1EC7484A00402742 /* ViewController.swift */,
				0D3B5EC11EC7484A00402742 /* Main.storyboard */,
				0D3B5EC41EC7484A00402742 /* Assets.xcassets */,
				0D3B5EC61EC7484A00402742 /* LaunchScreen.storyboard */,
				0D3B5EC91EC7484A00402742 /* Info.plist */,
			);
			path = "SmaPhone-Admin";
			sourceTree = "<group>";
		};
		0D3B5ED11EC7484A00402742 /* SmaPhone-AdminTests */ = {
			isa = PBXGroup;
			children = (
				0D3B5ED21EC7484A00402742 /* SmaPhone_AdminTests.swift */,
				0D3B5ED41EC7484A00402742 /* Info.plist */,
			);
			path = "SmaPhone-AdminTests";
			sourceTree = "<group>";
		};
		0D3B5EDC1EC7484A00402742 /* SmaPhone-AdminUITests */ = {
			isa = PBXGroup;
			children = (
				0D3B5EDD1EC7484A00402742 /* SmaPhone_AdminUITests.swift */,
				0D3B5EDF1EC7484A00402742 /* Info.plist */,
			);
			path = "SmaPhone-AdminUITests";
			sourceTree = "<group>";
		};
		678EAF0407AC6B5281A9AF6B /* Frameworks */ = {
			isa = PBXGroup;
			children = (
				7AF378A32F97B4D2D58EEE77 /* Pods_SmaPhone_Admin.framework */,
				442B4E5B6CB06D03D5681D00 /* Pods_SmaPhone_AdminTests.framework */,
				179D35459B8D77B2B397C840 /* Pods_SmaPhone_AdminUITests.framework */,
			);
			name = Frameworks;
			sourceTree = "<group>";
		};
		81A751185056BE188C6C3D00 /* Pods */ = {
			isa = PBXGroup;
			children = (
				49F4DBA885555BC06E282A50 /* Pods-SmaPhone-Admin.debug.xcconfig */,
				CA6B2392FC5729F04E08D3AB /* Pods-SmaPhone-Admin.release.xcconfig */,
				7E415167C9D0467E8DCA9D16 /* Pods-SmaPhone-AdminTests.debug.xcconfig */,
				7D8F2E27FF00E6D89037A4F9 /* Pods-SmaPhone-AdminTests.release.xcconfig */,
				A1EA877646E4D4F8E2A9CA11 /* Pods-SmaPhone-AdminUITests.debug.xcconfig */,
				C659C33311CEEFE67DFE76D6 /* Pods-SmaPhone-AdminUITests.release.xcconfig */,
			);
			name = Pods;
			sourceTree = "<group>";
		};
/* End PBXGroup section */

/* Begin PBXNativeTarget section */
		0D3B5EB91EC7484A00402742 /* SmaPhone-Admin */ = {
			isa = PBXNativeTarget;
			buildConfigurationList = 0D3B5EE21EC7484A00402742 /* Build configuration list for PBXNativeTarget "SmaPhone-Admin" */;
			buildPhases = (
				9E3E7AC7FFECD1D087A164F3 /* [CP] Check Pods Manifest.lock */,
				0D3B5EB61EC7484A00402742 /* Sources */,
				0D3B5EB71EC7484A00402742 /* Frameworks */,
				0D3B5EB81EC7484A00402742 /* Resources */,
				FCC711E7422B0FFDDDBC2CE0 /* [CP] Embed Pods Frameworks */,
				496339E2894EC79522AD6CFC /* [CP] Copy Pods Resources */,
			);
			buildRules = (
			);
			dependencies = (
			);
			name = "SmaPhone-Admin";
			productName = "SmaPhone-Admin";
			productReference = 0D3B5EBA1EC7484A00402742 /* SmaPhone-Admin.app */;
			productType = "com.apple.product-type.application";
		};
		0D3B5ECD1EC7484A00402742 /* SmaPhone-AdminTests */ = {
			isa = PBXNativeTarget;
			buildConfigurationList = 0D3B5EE51EC7484A00402742 /* Build configuration list for PBXNativeTarget "SmaPhone-AdminTests" */;
			buildPhases = (
				3C39B111468C39990D34A65F /* [CP] Check Pods Manifest.lock */,
				0D3B5ECA1EC7484A00402742 /* Sources */,
				0D3B5ECB1EC7484A00402742 /* Frameworks */,
				0D3B5ECC1EC7484A00402742 /* Resources */,
				945EA0D33A22C1FA7A241EE9 /* [CP] Embed Pods Frameworks */,
				13A0C8F5724538C2098EFE6A /* [CP] Copy Pods Resources */,
			);
			buildRules = (
			);
			dependencies = (
				0D3B5ED01EC7484A00402742 /* PBXTargetDependency */,
			);
			name = "SmaPhone-AdminTests";
			productName = "SmaPhone-AdminTests";
			productReference = 0D3B5ECE1EC7484A00402742 /* SmaPhone-AdminTests.xctest */;
			productType = "com.apple.product-type.bundle.unit-test";
		};
		0D3B5ED81EC7484A00402742 /* SmaPhone-AdminUITests */ = {
			isa = PBXNativeTarget;
			buildConfigurationList = 0D3B5EE81EC7484A00402742 /* Build configuration list for PBXNativeTarget "SmaPhone-AdminUITests" */;
			buildPhases = (
				EC1721BF22BCF22218E9344E /* [CP] Check Pods Manifest.lock */,
				0D3B5ED51EC7484A00402742 /* Sources */,
				0D3B5ED61EC7484A00402742 /* Frameworks */,
				0D3B5ED71EC7484A00402742 /* Resources */,
				E16979CFABFE18971EC62B39 /* [CP] Embed Pods Frameworks */,
				89EE336345A3355212E489BD /* [CP] Copy Pods Resources */,
			);
			buildRules = (
			);
			dependencies = (
				0D3B5EDB1EC7484A00402742 /* PBXTargetDependency */,
			);
			name = "SmaPhone-AdminUITests";
			productName = "SmaPhone-AdminUITests";
			productReference = 0D3B5ED91EC7484A00402742 /* SmaPhone-AdminUITests.xctest */;
			productType = "com.apple.product-type.bundle.ui-testing";
		};
/* End PBXNativeTarget section */

/* Begin PBXProject section */
		0D3B5EB21EC7484A00402742 /* Project object */ = {
			isa = PBXProject;
			attributes = {
				LastSwiftUpdateCheck = 0830;
				LastUpgradeCheck = 0830;
				ORGANIZATIONNAME = "会津慎弥";
				TargetAttributes = {
					0D3B5EB91EC7484A00402742 = {
						CreatedOnToolsVersion = 8.3.2;
						DevelopmentTeam = H543XE4ASB;
						ProvisioningStyle = Automatic;
					};
					0D3B5ECD1EC7484A00402742 = {
						CreatedOnToolsVersion = 8.3.2;
						DevelopmentTeam = H543XE4ASB;
						ProvisioningStyle = Automatic;
						TestTargetID = 0D3B5EB91EC7484A00402742;
					};
					0D3B5ED81EC7484A00402742 = {
						CreatedOnToolsVersion = 8.3.2;
						DevelopmentTeam = H543XE4ASB;
						ProvisioningStyle = Automatic;
						TestTargetID = 0D3B5EB91EC7484A00402742;
					};
				};
			};
			buildConfigurationList = 0D3B5EB51EC7484A00402742 /* Build configuration list for PBXProject "SmaPhone-Admin" */;
			compatibilityVersion = "Xcode 3.2";
			developmentRegion = English;
			hasScannedForEncodings = 0;
			knownRegions = (
				en,
				Base,
			);
			mainGroup = 0D3B5EB11EC7484A00402742;
			productRefGroup = 0D3B5EBB1EC7484A00402742 /* Products */;
			projectDirPath = "";
			projectRoot = "";
			targets = (
				0D3B5EB91EC7484A00402742 /* SmaPhone-Admin */,
				0D3B5ECD1EC7484A00402742 /* SmaPhone-AdminTests */,
				0D3B5ED81EC7484A00402742 /* SmaPhone-AdminUITests */,
			);
		};
/* End PBXProject section */

/* Begin PBXResourcesBuildPhase section */
		0D3B5EB81EC7484A00402742 /* Resources */ = {
			isa = PBXResourcesBuildPhase;
			buildActionMask = 2147483647;
			files = (
				0D3B5EC81EC7484A00402742 /* LaunchScreen.storyboard in Resources */,
				0D3B5EC51EC7484A00402742 /* Assets.xcassets in Resources */,
				0D3B5EC31EC7484A00402742 /* Main.storyboard in Resources */,
			);
			runOnlyForDeploymentPostprocessing = 0;
		};
		0D3B5ECC1EC7484A00402742 /* Resources */ = {
			isa = PBXResourcesBuildPhase;
			buildActionMask = 2147483647;
			files = (
			);
			runOnlyForDeploymentPostprocessing = 0;
		};
		0D3B5ED71EC7484A00402742 /* Resources */ = {
			isa = PBXResourcesBuildPhase;
			buildActionMask = 2147483647;
			files = (
			);
			runOnlyForDeploymentPostprocessing = 0;
		};
/* End PBXResourcesBuildPhase section */

/* Begin PBXShellScriptBuildPhase section */
		13A0C8F5724538C2098EFE6A /* [CP] Copy Pods Resources */ = {
			isa = PBXShellScriptBuildPhase;
			buildActionMask = 2147483647;
			files = (
			);
			inputPaths = (
			);
			name = "[CP] Copy Pods Resources";
			outputPaths = (
			);
			runOnlyForDeploymentPostprocessing = 0;
			shellPath = /bin/sh;
			shellScript = "\"${SRCROOT}/Pods/Target Support Files/Pods-SmaPhone-AdminTests/Pods-SmaPhone-AdminTests-resources.sh\"\n";
			showEnvVarsInLog = 0;
		};
		3C39B111468C39990D34A65F /* [CP] Check Pods Manifest.lock */ = {
			isa = PBXShellScriptBuildPhase;
			buildActionMask = 2147483647;
			files = (
			);
			inputPaths = (
			);
			name = "[CP] Check Pods Manifest.lock";
			outputPaths = (
			);
			runOnlyForDeploymentPostprocessing = 0;
			shellPath = /bin/sh;
			shellScript = "diff \"${PODS_PODFILE_DIR_PATH}/Podfile.lock\" \"${PODS_ROOT}/Manifest.lock\" > /dev/null\nif [ $? != 0 ] ; then\n    # print error to STDERR\n    echo \"error: The sandbox is not in sync with the Podfile.lock. Run 'pod install' or update your CocoaPods installation.\" >&2\n    exit 1\nfi\n";
			showEnvVarsInLog = 0;
		};
		496339E2894EC79522AD6CFC /* [CP] Copy Pods Resources */ = {
			isa = PBXShellScriptBuildPhase;
			buildActionMask = 2147483647;
			files = (
			);
			inputPaths = (
			);
			name = "[CP] Copy Pods Resources";
			outputPaths = (
			);
			runOnlyForDeploymentPostprocessing = 0;
			shellPath = /bin/sh;
			shellScript = "\"${SRCROOT}/Pods/Target Support Files/Pods-SmaPhone-Admin/Pods-SmaPhone-Admin-resources.sh\"\n";
			showEnvVarsInLog = 0;
		};
		89EE336345A3355212E489BD /* [CP] Copy Pods Resources */ = {
			isa = PBXShellScriptBuildPhase;
			buildActionMask = 2147483647;
			files = (
			);
			inputPaths = (
			);
			name = "[CP] Copy Pods Resources";
			outputPaths = (
			);
			runOnlyForDeploymentPostprocessing = 0;
			shellPath = /bin/sh;
			shellScript = "\"${SRCROOT}/Pods/Target Support Files/Pods-SmaPhone-AdminUITests/Pods-SmaPhone-AdminUITests-resources.sh\"\n";
			showEnvVarsInLog = 0;
		};
		945EA0D33A22C1FA7A241EE9 /* [CP] Embed Pods Frameworks */ = {
			isa = PBXShellScriptBuildPhase;
			buildActionMask = 2147483647;
			files = (
			);
			inputPaths = (
			);
			name = "[CP] Embed Pods Frameworks";
			outputPaths = (
			);
			runOnlyForDeploymentPostprocessing = 0;
			shellPath = /bin/sh;
			shellScript = "\"${SRCROOT}/Pods/Target Support Files/Pods-SmaPhone-AdminTests/Pods-SmaPhone-AdminTests-frameworks.sh\"\n";
			showEnvVarsInLog = 0;
		};
		9E3E7AC7FFECD1D087A164F3 /* [CP] Check Pods Manifest.lock */ = {
			isa = PBXShellScriptBuildPhase;
			buildActionMask = 2147483647;
			files = (
			);
			inputPaths = (
			);
			name = "[CP] Check Pods Manifest.lock";
			outputPaths = (
			);
			runOnlyForDeploymentPostprocessing = 0;
			shellPath = /bin/sh;
			shellScript = "diff \"${PODS_PODFILE_DIR_PATH}/Podfile.lock\" \"${PODS_ROOT}/Manifest.lock\" > /dev/null\nif [ $? != 0 ] ; then\n    # print error to STDERR\n    echo \"error: The sandbox is not in sync with the Podfile.lock. Run 'pod install' or update your CocoaPods installation.\" >&2\n    exit 1\nfi\n";
			showEnvVarsInLog = 0;
		};
		E16979CFABFE18971EC62B39 /* [CP] Embed Pods Frameworks */ = {
			isa = PBXShellScriptBuildPhase;
			buildActionMask = 2147483647;
			files = (
			);
			inputPaths = (
			);
			name = "[CP] Embed Pods Frameworks";
			outputPaths = (
			);
			runOnlyForDeploymentPostprocessing = 0;
			shellPath = /bin/sh;
			shellScript = "\"${SRCROOT}/Pods/Target Support Files/Pods-SmaPhone-AdminUITests/Pods-SmaPhone-AdminUITests-frameworks.sh\"\n";
			showEnvVarsInLog = 0;
		};
		EC1721BF22BCF22218E9344E /* [CP] Check Pods Manifest.lock */ = {
			isa = PBXShellScriptBuildPhase;
			buildActionMask = 2147483647;
			files = (
			);
			inputPaths = (
			);
			name = "[CP] Check Pods Manifest.lock";
			outputPaths = (
			);
			runOnlyForDeploymentPostprocessing = 0;
			shellPath = /bin/sh;
			shellScript = "diff \"${PODS_PODFILE_DIR_PATH}/Podfile.lock\" \"${PODS_ROOT}/Manifest.lock\" > /dev/null\nif [ $? != 0 ] ; then\n    # print error to STDERR\n    echo \"error: The sandbox is not in sync with the Podfile.lock. Run 'pod install' or update your CocoaPods installation.\" >&2\n    exit 1\nfi\n";
			showEnvVarsInLog = 0;
		};
		FCC711E7422B0FFDDDBC2CE0 /* [CP] Embed Pods Frameworks */ = {
			isa = PBXShellScriptBuildPhase;
			buildActionMask = 2147483647;
			files = (
			);
			inputPaths = (
			);
			name = "[CP] Embed Pods Frameworks";
			outputPaths = (
			);
			runOnlyForDeploymentPostprocessing = 0;
			shellPath = /bin/sh;
			shellScript = "\"${SRCROOT}/Pods/Target Support Files/Pods-SmaPhone-Admin/Pods-SmaPhone-Admin-frameworks.sh\"\n";
			showEnvVarsInLog = 0;
		};
/* End PBXShellScriptBuildPhase section */

/* Begin PBXSourcesBuildPhase section */
		0D3B5EB61EC7484A00402742 /* Sources */ = {
			isa = PBXSourcesBuildPhase;
			buildActionMask = 2147483647;
			files = (
				0D3B5EC01EC7484A00402742 /* ViewController.swift in Sources */,
				0D3B5EBE1EC7484A00402742 /* AppDelegate.swift in Sources */,
			);
			runOnlyForDeploymentPostprocessing = 0;
		};
		0D3B5ECA1EC7484A00402742 /* Sources */ = {
			isa = PBXSourcesBuildPhase;
			buildActionMask = 2147483647;
			files = (
				0D3B5ED31EC7484A00402742 /* SmaPhone_AdminTests.swift in Sources */,
			);
			runOnlyForDeploymentPostprocessing = 0;
		};
		0D3B5ED51EC7484A00402742 /* Sources */ = {
			isa = PBXSourcesBuildPhase;
			buildActionMask = 2147483647;
			files = (
				0D3B5EDE1EC7484A00402742 /* SmaPhone_AdminUITests.swift in Sources */,
			);
			runOnlyForDeploymentPostprocessing = 0;
		};
/* End PBXSourcesBuildPhase section */

/* Begin PBXTargetDependency section */
		0D3B5ED01EC7484A00402742 /* PBXTargetDependency */ = {
			isa = PBXTargetDependency;
			target = 0D3B5EB91EC7484A00402742 /* SmaPhone-Admin */;
			targetProxy = 0D3B5ECF1EC7484A00402742 /* PBXContainerItemProxy */;
		};
		0D3B5EDB1EC7484A00402742 /* PBXTargetDependency */ = {
			isa = PBXTargetDependency;
			target = 0D3B5EB91EC7484A00402742 /* SmaPhone-Admin */;
			targetProxy = 0D3B5EDA1EC7484A00402742 /* PBXContainerItemProxy */;
		};
/* End PBXTargetDependency section */

/* Begin PBXVariantGroup section */
		0D3B5EC11EC7484A00402742 /* Main.storyboard */ = {
			isa = PBXVariantGroup;
			children = (
				0D3B5EC21EC7484A00402742 /* Base */,
			);
			name = Main.storyboard;
			sourceTree = "<group>";
		};
		0D3B5EC61EC7484A00402742 /* LaunchScreen.storyboard */ = {
			isa = PBXVariantGroup;
			children = (
				0D3B5EC71EC7484A00402742 /* Base */,
			);
			name = LaunchScreen.storyboard;
			sourceTree = "<group>";
		};
/* End PBXVariantGroup section */

/* Begin XCBuildConfiguration section */
		0D3B5EE01EC7484A00402742 /* Debug */ = {
			isa = XCBuildConfiguration;
			buildSettings = {
				ALWAYS_SEARCH_USER_PATHS = NO;
				CLANG_ANALYZER_NONNULL = YES;
				CLANG_ANALYZER_NUMBER_OBJECT_CONVERSION = YES_AGGRESSIVE;
				CLANG_CXX_LANGUAGE_STANDARD = "gnu++0x";
				CLANG_CXX_LIBRARY = "libc++";
				CLANG_ENABLE_MODULES = YES;
				CLANG_ENABLE_OBJC_ARC = YES;
				CLANG_WARN_BOOL_CONVERSION = YES;
				CLANG_WARN_CONSTANT_CONVERSION = YES;
				CLANG_WARN_DIRECT_OBJC_ISA_USAGE = YES_ERROR;
				CLANG_WARN_DOCUMENTATION_COMMENTS = YES;
				CLANG_WARN_EMPTY_BODY = YES;
				CLANG_WARN_ENUM_CONVERSION = YES;
				CLANG_WARN_INFINITE_RECURSION = YES;
				CLANG_WARN_INT_CONVERSION = YES;
				CLANG_WARN_OBJC_ROOT_CLASS = YES_ERROR;
				CLANG_WARN_SUSPICIOUS_MOVE = YES;
				CLANG_WARN_UNREACHABLE_CODE = YES;
				CLANG_WARN__DUPLICATE_METHOD_MATCH = YES;
				"CODE_SIGN_IDENTITY[sdk=iphoneos*]" = "iPhone Developer";
				COPY_PHASE_STRIP = NO;
				DEBUG_INFORMATION_FORMAT = dwarf;
				ENABLE_STRICT_OBJC_MSGSEND = YES;
				ENABLE_TESTABILITY = YES;
				GCC_C_LANGUAGE_STANDARD = gnu99;
				GCC_DYNAMIC_NO_PIC = NO;
				GCC_NO_COMMON_BLOCKS = YES;
				GCC_OPTIMIZATION_LEVEL = 0;
				GCC_PREPROCESSOR_DEFINITIONS = (
					"DEBUG=1",
					"$(inherited)",
				);
				GCC_WARN_64_TO_32_BIT_CONVERSION = YES;
				GCC_WARN_ABOUT_RETURN_TYPE = YES_ERROR;
				GCC_WARN_UNDECLARED_SELECTOR = YES;
				GCC_WARN_UNINITIALIZED_AUTOS = YES_AGGRESSIVE;
				GCC_WARN_UNUSED_FUNCTION = YES;
				GCC_WARN_UNUSED_VARIABLE = YES;
				IPHONEOS_DEPLOYMENT_TARGET = 10.3;
				MTL_ENABLE_DEBUG_INFO = YES;
				ONLY_ACTIVE_ARCH = YES;
				SDKROOT = iphoneos;
				SWIFT_ACTIVE_COMPILATION_CONDITIONS = DEBUG;
				SWIFT_OPTIMIZATION_LEVEL = "-Onone";
				TARGETED_DEVICE_FAMILY = "1,2";
			};
			name = Debug;
		};
		0D3B5EE11EC7484A00402742 /* Release */ = {
			isa = XCBuildConfiguration;
			buildSettings = {
				ALWAYS_SEARCH_USER_PATHS = NO;
				CLANG_ANALYZER_NONNULL = YES;
				CLANG_ANALYZER_NUMBER_OBJECT_CONVERSION = YES_AGGRESSIVE;
				CLANG_CXX_LANGUAGE_STANDARD = "gnu++0x";
				CLANG_CXX_LIBRARY = "libc++";
				CLANG_ENABLE_MODULES = YES;
				CLANG_ENABLE_OBJC_ARC = YES;
				CLANG_WARN_BOOL_CONVERSION = YES;
				CLANG_WARN_CONSTANT_CONVERSION = YES;
				CLANG_WARN_DIRECT_OBJC_ISA_USAGE = YES_ERROR;
				CLANG_WARN_DOCUMENTATION_COMMENTS = YES;
				CLANG_WARN_EMPTY_BODY = YES;
				CLANG_WARN_ENUM_CONVERSION = YES;
				CLANG_WARN_INFINITE_RECURSION = YES;
				CLANG_WARN_INT_CONVERSION = YES;
				CLANG_WARN_OBJC_ROOT_CLASS = YES_ERROR;
				CLANG_WARN_SUSPICIOUS_MOVE = YES;
				CLANG_WARN_UNREACHABLE_CODE = YES;
				CLANG_WARN__DUPLICATE_METHOD_MATCH = YES;
				"CODE_SIGN_IDENTITY[sdk=iphoneos*]" = "iPhone Developer";
				COPY_PHASE_STRIP = NO;
				DEBUG_INFORMATION_FORMAT = "dwarf-with-dsym";
				ENABLE_NS_ASSERTIONS = NO;
				ENABLE_STRICT_OBJC_MSGSEND = YES;
				GCC_C_LANGUAGE_STANDARD = gnu99;
				GCC_NO_COMMON_BLOCKS = YES;
				GCC_WARN_64_TO_32_BIT_CONVERSION = YES;
				GCC_WARN_ABOUT_RETURN_TYPE = YES_ERROR;
				GCC_WARN_UNDECLARED_SELECTOR = YES;
				GCC_WARN_UNINITIALIZED_AUTOS = YES_AGGRESSIVE;
				GCC_WARN_UNUSED_FUNCTION = YES;
				GCC_WARN_UNUSED_VARIABLE = YES;
				IPHONEOS_DEPLOYMENT_TARGET = 10.3;
				MTL_ENABLE_DEBUG_INFO = NO;
				SDKROOT = iphoneos;
				SWIFT_OPTIMIZATION_LEVEL = "-Owholemodule";
				TARGETED_DEVICE_FAMILY = "1,2";
				VALIDATE_PRODUCT = YES;
			};
			name = Release;
		};
		0D3B5EE31EC7484A00402742 /* Debug */ = {
			isa = XCBuildConfiguration;
			baseConfigurationReference = 49F4DBA885555BC06E282A50 /* Pods-SmaPhone-Admin.debug.xcconfig */;
			buildSettings = {
				ASSETCATALOG_COMPILER_APPICON_NAME = AppIcon;
				DEVELOPMENT_TEAM = H543XE4ASB;
				INFOPLIST_FILE = "SmaPhone-Admin/Info.plist";
				LD_RUNPATH_SEARCH_PATHS = "$(inherited) @executable_path/Frameworks";
				PRODUCT_BUNDLE_IDENTIFIER = "com.aizu.SmaPhone-Admin";
				PRODUCT_NAME = "$(TARGET_NAME)";
				SWIFT_VERSION = 3.0;
			};
			name = Debug;
		};
		0D3B5EE41EC7484A00402742 /* Release */ = {
			isa = XCBuildConfiguration;
			baseConfigurationReference = CA6B2392FC5729F04E08D3AB /* Pods-SmaPhone-Admin.release.xcconfig */;
			buildSettings = {
				ASSETCATALOG_COMPILER_APPICON_NAME = AppIcon;
				DEVELOPMENT_TEAM = H543XE4ASB;
				INFOPLIST_FILE = "SmaPhone-Admin/Info.plist";
				LD_RUNPATH_SEARCH_PATHS = "$(inherited) @executable_path/Frameworks";
				PRODUCT_BUNDLE_IDENTIFIER = "com.aizu.SmaPhone-Admin";
				PRODUCT_NAME = "$(TARGET_NAME)";
				SWIFT_VERSION = 3.0;
			};
			name = Release;
		};
		0D3B5EE61EC7484A00402742 /* Debug */ = {
			isa = XCBuildConfiguration;
			baseConfigurationReference = 7E415167C9D0467E8DCA9D16 /* Pods-SmaPhone-AdminTests.debug.xcconfig */;
			buildSettings = {
				ALWAYS_EMBED_SWIFT_STANDARD_LIBRARIES = YES;
				BUNDLE_LOADER = "$(TEST_HOST)";
				DEVELOPMENT_TEAM = H543XE4ASB;
				INFOPLIST_FILE = "SmaPhone-AdminTests/Info.plist";
				LD_RUNPATH_SEARCH_PATHS = "$(inherited) @executable_path/Frameworks @loader_path/Frameworks";
				PRODUCT_BUNDLE_IDENTIFIER = "com.aizu.SmaPhone-AdminTests";
				PRODUCT_NAME = "$(TARGET_NAME)";
				SWIFT_VERSION = 3.0;
				TEST_HOST = "$(BUILT_PRODUCTS_DIR)/SmaPhone-Admin.app/SmaPhone-Admin";
			};
			name = Debug;
		};
		0D3B5EE71EC7484A00402742 /* Release */ = {
			isa = XCBuildConfiguration;
			baseConfigurationReference = 7D8F2E27FF00E6D89037A4F9 /* Pods-SmaPhone-AdminTests.release.xcconfig */;
			buildSettings = {
				ALWAYS_EMBED_SWIFT_STANDARD_LIBRARIES = YES;
				BUNDLE_LOADER = "$(TEST_HOST)";
				DEVELOPMENT_TEAM = H543XE4ASB;
				INFOPLIST_FILE = "SmaPhone-AdminTests/Info.plist";
				LD_RUNPATH_SEARCH_PATHS = "$(inherited) @executable_path/Frameworks @loader_path/Frameworks";
				PRODUCT_BUNDLE_IDENTIFIER = "com.aizu.SmaPhone-AdminTests";
				PRODUCT_NAME = "$(TARGET_NAME)";
				SWIFT_VERSION = 3.0;
				TEST_HOST = "$(BUILT_PRODUCTS_DIR)/SmaPhone-Admin.app/SmaPhone-Admin";
			};
			name = Release;
		};
		0D3B5EE91EC7484A00402742 /* Debug */ = {
			isa = XCBuildConfiguration;
			baseConfigurationReference = A1EA877646E4D4F8E2A9CA11 /* Pods-SmaPhone-AdminUITests.debug.xcconfig */;
			buildSettings = {
				ALWAYS_EMBED_SWIFT_STANDARD_LIBRARIES = YES;
				DEVELOPMENT_TEAM = H543XE4ASB;
				INFOPLIST_FILE = "SmaPhone-AdminUITests/Info.plist";
				LD_RUNPATH_SEARCH_PATHS = "$(inherited) @executable_path/Frameworks @loader_path/Frameworks";
				PRODUCT_BUNDLE_IDENTIFIER = "com.aizu.SmaPhone-AdminUITests";
				PRODUCT_NAME = "$(TARGET_NAME)";
				SWIFT_VERSION = 3.0;
				TEST_TARGET_NAME = "SmaPhone-Admin";
			};
			name = Debug;
		};
		0D3B5EEA1EC7484A00402742 /* Release */ = {
			isa = XCBuildConfiguration;
			baseConfigurationReference = C659C33311CEEFE67DFE76D6 /* Pods-SmaPhone-AdminUITests.release.xcconfig */;
			buildSettings = {
				ALWAYS_EMBED_SWIFT_STANDARD_LIBRARIES = YES;
				DEVELOPMENT_TEAM = H543XE4ASB;
				INFOPLIST_FILE = "SmaPhone-AdminUITests/Info.plist";
				LD_RUNPATH_SEARCH_PATHS = "$(inherited) @executable_path/Frameworks @loader_path/Frameworks";
				PRODUCT_BUNDLE_IDENTIFIER = "com.aizu.SmaPhone-AdminUITests";
				PRODUCT_NAME = "$(TARGET_NAME)";
				SWIFT_VERSION = 3.0;
				TEST_TARGET_NAME = "SmaPhone-Admin";
			};
			name = Release;
		};
/* End XCBuildConfiguration section */

/* Begin XCConfigurationList section */
		0D3B5EB51EC7484A00402742 /* Build configuration list for PBXProject "SmaPhone-Admin" */ = {
			isa = XCConfigurationList;
			buildConfigurations = (
				0D3B5EE01EC7484A00402742 /* Debug */,
				0D3B5EE11EC7484A00402742 /* Release */,
			);
			defaultConfigurationIsVisible = 0;
			defaultConfigurationName = Release;
		};
		0D3B5EE21EC7484A00402742 /* Build configuration list for PBXNativeTarget "SmaPhone-Admin" */ = {
			isa = XCConfigurationList;
			buildConfigurations = (
				0D3B5EE31EC7484A00402742 /* Debug */,
				0D3B5EE41EC7484A00402742 /* Release */,
			);
			defaultConfigurationIsVisible = 0;
		};
		0D3B5EE51EC7484A00402742 /* Build configuration list for PBXNativeTarget "SmaPhone-AdminTests" */ = {
			isa = XCConfigurationList;
			buildConfigurations = (
				0D3B5EE61EC7484A00402742 /* Debug */,
				0D3B5EE71EC7484A00402742 /* Release */,
			);
			defaultConfigurationIsVisible = 0;
		};
		0D3B5EE81EC7484A00402742 /* Build configuration list for PBXNativeTarget "SmaPhone-AdminUITests" */ = {
			isa = XCConfigurationList;
			buildConfigurations = (
				0D3B5EE91EC7484A00402742 /* Debug */,
				0D3B5EEA1EC7484A00402742 /* Release */,
			);
			defaultConfigurationIsVisible = 0;
		};
/* End XCConfigurationList section */
	};
	rootObject = 0D3B5EB21EC7484A00402742 /* Project object */;
}
